
Microsoft Visual Studio Solution File, Format Version 12.00
# Visual Studio Version 17
VisualStudioVersion = 17.6.33829.357
MinimumVisualStudioVersion = 10.0.40219.1
Project("{FAE04EC0-301F-11D3-BF4B-00C04F79EFBC}") = "CoreDemo", "CoreDemo\CoreDemo.csproj", "{5ACE958A-7D4E-489B-902D-9ED71A936BC9}"
EndProject
Global
	GlobalSection(SolutionConfigurationPlatforms) = preSolution
		Debug|Any CPU = Debug|Any CPU
		Release|Any CPU = Release|Any CPU
	EndGlobalSection
	GlobalSection(ProjectConfigurationPlatforms) = postSolution
		{5ACE958A-7D4E-489B-902D-9ED71A936BC9}.Debug|Any CPU.ActiveCfg = Debug|Any CPU
		{5ACE958A-7D4E-489B-902D-9ED71A936BC9}.Debug|Any CPU.Build.0 = Debug|Any CPU
		{5ACE958A-7D4E-489B-902D-9ED71A936BC9}.Release|Any CPU.ActiveCfg = Release|Any CPU
		{5ACE958A-7D4E-489B-902D-9ED71A936BC9}.Release|Any CPU.Build.0 = Release|Any CPU
	EndGlobalSection
	GlobalSection(SolutionProperties) = preSolution
		HideSolutionNode = FALSE
	EndGlobalSection
	GlobalSection(ExtensibilityGlobals) = postSolution
		SolutionGuid = {D3196006-D5CD-4C6B-98BB-B1A234DF140D}
	EndGlobalSection
EndGlobal
